
Microsoft Visual Studio Solution File, Format Version 12.00
# Visual Studio Version 16
VisualStudioVersion = 16.0.28729.10
MinimumVisualStudioVersion = 10.0.40219.1
Project("{FAE04EC0-301F-11D3-BF4B-00C04F79EFBC}") = "CssParser", "CssParser\CssParser.csproj", "{1E5793AA-8094-42E8-80DE-ADC3512F3B75}"
EndProject
Global
	GlobalSection(SolutionConfigurationPlatforms) = preSolution
		Debug|Any CPU = Debug|Any CPU
		Release|Any CPU = Release|Any CPU
	EndGlobalSection
	GlobalSection(ProjectConfigurationPlatforms) = postSolution
		{1E5793AA-8094-42E8-80DE-ADC3512F3B75}.Debug|Any CPU.ActiveCfg = Debug|Any CPU
		{1E5793AA-8094-42E8-80DE-ADC3512F3B75}.Debug|Any CPU.Build.0 = Debug|Any CPU
		{1E5793AA-8094-42E8-80DE-ADC3512F3B75}.Release|Any CPU.ActiveCfg = Release|Any CPU
		{1E5793AA-8094-42E8-80DE-ADC3512F3B75}.Release|Any CPU.Build.0 = Release|Any CPU
	EndGlobalSection
	GlobalSection(SolutionProperties) = preSolution
		HideSolutionNode = FALSE
	EndGlobalSection
	GlobalSection(ExtensibilityGlobals) = postSolution
		SolutionGuid = {ED697F0A-6A00-4E20-946F-4745499D2162}
	EndGlobalSection
EndGlobal
